
Microsoft Visual Studio Solution File, Format Version 12.00
# Visual Studio 15
Project("{FAE04EC0-301F-11D3-BF4B-00C04F79EFBC}") = "Assembly-CSharp", "Assembly-CSharp.csproj", "{74202D10-8C7A-524A-6DC2-BD622B4E41F6}"
EndProject
Project("{FAE04EC0-301F-11D3-BF4B-00C04F79EFBC}") = "VFXGraph.OutputEventHandlers", "VFXGraph.OutputEventHandlers.csproj", "{914D6128-89FA-48E9-BB5D-30CAD677889A}"
EndProject
Project("{FAE04EC0-301F-11D3-BF4B-00C04F79EFBC}") = "ClientNetworkTransform", "ClientNetworkTransform.csproj", "{978056A8-0B6A-B49C-A3B4-1AAE2700D2D8}"
EndProject
Project("{FAE04EC0-301F-11D3-BF4B-00C04F79EFBC}") = "VFXGraph.OutputEventHandlers.Editor", "VFXGraph.OutputEventHandlers.Editor.csproj", "{8D467CAD-6307-4A83-CE77-563DA4931AAE}"
EndProject
Global
	GlobalSection(SolutionConfigurationPlatforms) = preSolution
		Debug|Any CPU = Debug|Any CPU
		Release|Any CPU = Release|Any CPU
	EndGlobalSection
	GlobalSection(ProjectConfigurationPlatforms) = postSolution
		{74202D10-8C7A-524A-6DC2-BD622B4E41F6}.Debug|Any CPU.ActiveCfg = Debug|Any CPU
		{74202D10-8C7A-524A-6DC2-BD622B4E41F6}.Debug|Any CPU.Build.0 = Debug|Any CPU
		{74202D10-8C7A-524A-6DC2-BD622B4E41F6}.Release|Any CPU.ActiveCfg = Release|Any CPU
		{74202D10-8C7A-524A-6DC2-BD622B4E41F6}.Release|Any CPU.Build.0 = Release|Any CPU
		{914D6128-89FA-48E9-BB5D-30CAD677889A}.Debug|Any CPU.ActiveCfg = Debug|Any CPU
		{914D6128-89FA-48E9-BB5D-30CAD677889A}.Debug|Any CPU.Build.0 = Debug|Any CPU
		{914D6128-89FA-48E9-BB5D-30CAD677889A}.Release|Any CPU.ActiveCfg = Release|Any CPU
		{914D6128-89FA-48E9-BB5D-30CAD677889A}.Release|Any CPU.Build.0 = Release|Any CPU
		{978056A8-0B6A-B49C-A3B4-1AAE2700D2D8}.Debug|Any CPU.ActiveCfg = Debug|Any CPU
		{978056A8-0B6A-B49C-A3B4-1AAE2700D2D8}.Debug|Any CPU.Build.0 = Debug|Any CPU
		{978056A8-0B6A-B49C-A3B4-1AAE2700D2D8}.Release|Any CPU.ActiveCfg = Release|Any CPU
		{978056A8-0B6A-B49C-A3B4-1AAE2700D2D8}.Release|Any CPU.Build.0 = Release|Any CPU
		{8D467CAD-6307-4A83-CE77-563DA4931AAE}.Debug|Any CPU.ActiveCfg = Debug|Any CPU
		{8D467CAD-6307-4A83-CE77-563DA4931AAE}.Debug|Any CPU.Build.0 = Debug|Any CPU
		{8D467CAD-6307-4A83-CE77-563DA4931AAE}.Release|Any CPU.ActiveCfg = Release|Any CPU
		{8D467CAD-6307-4A83-CE77-563DA4931AAE}.Release|Any CPU.Build.0 = Release|Any CPU
	EndGlobalSection
	GlobalSection(SolutionProperties) = preSolution
		HideSolutionNode = FALSE
	EndGlobalSection
EndGlobal
